
Microsoft Visual Studio Solution File, Format Version 12.00
Project("{FAE04EC0-301F-11D3-BF4B-00C04F79EFBC}") = "MockAppRedis", "MockAppRedis\MockAppRedis.csproj", "{A14CCA8E-8F88-4ED4-ABEB-648B61048715}"
EndProject
Global
	GlobalSection(SolutionConfigurationPlatforms) = preSolution
		Debug|Any CPU = Debug|Any CPU
		Release|Any CPU = Release|Any CPU
	EndGlobalSection
	GlobalSection(ProjectConfigurationPlatforms) = postSolution
		{A14CCA8E-8F88-4ED4-ABEB-648B61048715}.Debug|Any CPU.ActiveCfg = Debug|Any CPU
		{A14CCA8E-8F88-4ED4-ABEB-648B61048715}.Debug|Any CPU.Build.0 = Debug|Any CPU
		{A14CCA8E-8F88-4ED4-ABEB-648B61048715}.Release|Any CPU.ActiveCfg = Release|Any CPU
		{A14CCA8E-8F88-4ED4-ABEB-648B61048715}.Release|Any CPU.Build.0 = Release|Any CPU
	EndGlobalSection
EndGlobal
